// !$*UTF8*$!
{
	archiveVersion = 1;
	classes = {
	};
	objectVersion = 55;
	objects = {

/* Begin PBXBuildFile section */
		595D54122C43EF21A101C600 /* Pods_SportyStories.framework in Frameworks */ = {isa = PBXBuildFile; fileRef = 65255DD348802709C3415554 /* Pods_SportyStories.framework */; };
		5D5590622AF1DC0100453D66 /* ProfileViewController.swift in Sources */ = {isa = PBXBuildFile; fileRef = 5D5590612AF1DC0100453D66 /* ProfileViewController.swift */; };
		5D5590642AF1E59200453D66 /* CreatePostViewController.swift in Sources */ = {isa = PBXBuildFile; fileRef = 5D5590632AF1E59200453D66 /* CreatePostViewController.swift */; };
		5D5B3FEE2ADE58A400382466 /* SignInViewController.swift in Sources */ = {isa = PBXBuildFile; fileRef = 5D5B3FED2ADE58A400382466 /* SignInViewController.swift */; };
		5D5B3FF02ADE60A500382466 /* GoogleService-Info.plist in Resources */ = {isa = PBXBuildFile; fileRef = 5D5B3FEF2ADE60A400382466 /* GoogleService-Info.plist */; };
		5D6C11172B159E0B00A820C0 /* SegmentedProgressView.swift in Sources */ = {isa = PBXBuildFile; fileRef = 5D6C11162B159E0B00A820C0 /* SegmentedProgressView.swift */; };
		5D7062692A988CEE00C48CBE /* AppDelegate.swift in Sources */ = {isa = PBXBuildFile; fileRef = 5D7062682A988CEE00C48CBE /* AppDelegate.swift */; };
		5D70626B2A988CEE00C48CBE /* SceneDelegate.swift in Sources */ = {isa = PBXBuildFile; fileRef = 5D70626A2A988CEE00C48CBE /* SceneDelegate.swift */; };
		5D70626D2A988CEE00C48CBE /* ViewController.swift in Sources */ = {isa = PBXBuildFile; fileRef = 5D70626C2A988CEE00C48CBE /* ViewController.swift */; };
		5D7062702A988CEE00C48CBE /* Main.storyboard in Resources */ = {isa = PBXBuildFile; fileRef = 5D70626E2A988CEE00C48CBE /* Main.storyboard */; };
		5D7062722A988CF000C48CBE /* Assets.xcassets in Resources */ = {isa = PBXBuildFile; fileRef = 5D7062712A988CF000C48CBE /* Assets.xcassets */; };
		5D7062752A988CF000C48CBE /* LaunchScreen.storyboard in Resources */ = {isa = PBXBuildFile; fileRef = 5D7062732A988CF000C48CBE /* LaunchScreen.storyboard */; };
		5D77936A2A9DBDD900C1C191 /* SignUpViewController.swift in Sources */ = {isa = PBXBuildFile; fileRef = 5D7793692A9DBDD800C1C191 /* SignUpViewController.swift */; };
		5DAE5B1C2B0F0914004B2879 /* VideoClips.swift in Sources */ = {isa = PBXBuildFile; fileRef = 5DAE5B1B2B0F0914004B2879 /* VideoClips.swift */; };
		5DB9E9092B1DA00100FBB3DE /* VideoCompositionWriter.swift in Sources */ = {isa = PBXBuildFile; fileRef = 5DB9E9082B1DA00100FBB3DE /* VideoCompositionWriter.swift */; };
		5DB9E90B2B1DBFE300FBB3DE /* SharePostViewController.swift in Sources */ = {isa = PBXBuildFile; fileRef = 5DB9E90A2B1DBFE200FBB3DE /* SharePostViewController.swift */; };
		5DBB789F2ADF9CA900B7E4C6 /* Api.swift in Sources */ = {isa = PBXBuildFile; fileRef = 5DBB789E2ADF9CA800B7E4C6 /* Api.swift */; };
		5DBB78A12ADF9CE100B7E4C6 /* UserApi.swift in Sources */ = {isa = PBXBuildFile; fileRef = 5DBB78A02ADF9CE100B7E4C6 /* UserApi.swift */; };
		5DBB78A32ADFA18000B7E4C6 /* StorageService.swift in Sources */ = {isa = PBXBuildFile; fileRef = 5DBB78A22ADFA18000B7E4C6 /* StorageService.swift */; };
		5DBB78A52ADFA66700B7E4C6 /* Ref.swift in Sources */ = {isa = PBXBuildFile; fileRef = 5DBB78A42ADFA66700B7E4C6 /* Ref.swift */; };
		5DCD4D1C2B1AF93600FBE782 /* PreviewCapturedViewController.swift in Sources */ = {isa = PBXBuildFile; fileRef = 5DCD4D1B2B1AF93600FBE782 /* PreviewCapturedViewController.swift */; };
		5DD1F8792B2018EF00823818 /* PostApi.swift in Sources */ = {isa = PBXBuildFile; fileRef = 5DD1F8782B2018EF00823818 /* PostApi.swift */; };
		5DD1F87B2B20466B00823818 /* HomeViewController.swift in Sources */ = {isa = PBXBuildFile; fileRef = 5DD1F87A2B20466B00823818 /* HomeViewController.swift */; };
		5DD1F87D2B2046A900823818 /* HomeCollectionViewCell.swift in Sources */ = {isa = PBXBuildFile; fileRef = 5DD1F87C2B2046A900823818 /* HomeCollectionViewCell.swift */; };
/* End PBXBuildFile section */

/* Begin PBXFileReference section */
		15E7C18329CB1CD6FA405BA2 /* Pods-SportyStories.debug.xcconfig */ = {isa = PBXFileReference; includeInIndex = 1; lastKnownFileType = text.xcconfig; name = "Pods-SportyStories.debug.xcconfig"; path = "Target Support Files/Pods-SportyStories/Pods-SportyStories.debug.xcconfig"; sourceTree = "<group>"; };
		5D5590612AF1DC0100453D66 /* ProfileViewController.swift */ = {isa = PBXFileReference; lastKnownFileType = sourcecode.swift; path = ProfileViewController.swift; sourceTree = "<group>"; };
		5D5590632AF1E59200453D66 /* CreatePostViewController.swift */ = {isa = PBXFileReference; lastKnownFileType = sourcecode.swift; path = CreatePostViewController.swift; sourceTree = "<group>"; };
		5D5B3FED2ADE58A400382466 /* SignInViewController.swift */ = {isa = PBXFileReference; lastKnownFileType = sourcecode.swift; path = SignInViewController.swift; sourceTree = "<group>"; };
		5D5B3FEF2ADE60A400382466 /* GoogleService-Info.plist */ = {isa = PBXFileReference; fileEncoding = 4; lastKnownFileType = text.plist.xml; path = "GoogleService-Info.plist"; sourceTree = "<group>"; };
		5D6C11162B159E0B00A820C0 /* SegmentedProgressView.swift */ = {isa = PBXFileReference; lastKnownFileType = sourcecode.swift; path = SegmentedProgressView.swift; sourceTree = "<group>"; };
		5D7062652A988CEE00C48CBE /* SportyStories.app */ = {isa = PBXFileReference; explicitFileType = wrapper.application; includeInIndex = 0; path = SportyStories.app; sourceTree = BUILT_PRODUCTS_DIR; };
		5D7062682A988CEE00C48CBE /* AppDelegate.swift */ = {isa = PBXFileReference; lastKnownFileType = sourcecode.swift; path = AppDelegate.swift; sourceTree = "<group>"; };
		5D70626A2A988CEE00C48CBE /* SceneDelegate.swift */ = {isa = PBXFileReference; lastKnownFileType = sourcecode.swift; path = SceneDelegate.swift; sourceTree = "<group>"; };
		5D70626C2A988CEE00C48CBE /* ViewController.swift */ = {isa = PBXFileReference; lastKnownFileType = sourcecode.swift; path = ViewController.swift; sourceTree = "<group>"; };
		5D70626F2A988CEE00C48CBE /* Base */ = {isa = PBXFileReference; lastKnownFileType = file.storyboard; name = Base; path = Base.lproj/Main.storyboard; sourceTree = "<group>"; };
		5D7062712A988CF000C48CBE /* Assets.xcassets */ = {isa = PBXFileReference; lastKnownFileType = folder.assetcatalog; path = Assets.xcassets; sourceTree = "<group>"; };
		5D7062742A988CF000C48CBE /* Base */ = {isa = PBXFileReference; lastKnownFileType = file.storyboard; name = Base; path = Base.lproj/LaunchScreen.storyboard; sourceTree = "<group>"; };
		5D7062762A988CF000C48CBE /* Info.plist */ = {isa = PBXFileReference; lastKnownFileType = text.plist.xml; path = Info.plist; sourceTree = "<group>"; };
		5D7793692A9DBDD800C1C191 /* SignUpViewController.swift */ = {isa = PBXFileReference; lastKnownFileType = sourcecode.swift; path = SignUpViewController.swift; sourceTree = "<group>"; };
		5DAE5B1B2B0F0914004B2879 /* VideoClips.swift */ = {isa = PBXFileReference; lastKnownFileType = sourcecode.swift; path = VideoClips.swift; sourceTree = "<group>"; };
		5DB9E9082B1DA00100FBB3DE /* VideoCompositionWriter.swift */ = {isa = PBXFileReference; lastKnownFileType = sourcecode.swift; path = VideoCompositionWriter.swift; sourceTree = "<group>"; };
		5DB9E90A2B1DBFE200FBB3DE /* SharePostViewController.swift */ = {isa = PBXFileReference; lastKnownFileType = sourcecode.swift; path = SharePostViewController.swift; sourceTree = "<group>"; };
		5DBB789E2ADF9CA800B7E4C6 /* Api.swift */ = {isa = PBXFileReference; lastKnownFileType = sourcecode.swift; path = Api.swift; sourceTree = "<group>"; };
		5DBB78A02ADF9CE100B7E4C6 /* UserApi.swift */ = {isa = PBXFileReference; lastKnownFileType = sourcecode.swift; path = UserApi.swift; sourceTree = "<group>"; };
		5DBB78A22ADFA18000B7E4C6 /* StorageService.swift */ = {isa = PBXFileReference; lastKnownFileType = sourcecode.swift; path = StorageService.swift; sourceTree = "<group>"; };
		5DBB78A42ADFA66700B7E4C6 /* Ref.swift */ = {isa = PBXFileReference; lastKnownFileType = sourcecode.swift; path = Ref.swift; sourceTree = "<group>"; };
		5DCD4D1B2B1AF93600FBE782 /* PreviewCapturedViewController.swift */ = {isa = PBXFileReference; lastKnownFileType = sourcecode.swift; path = PreviewCapturedViewController.swift; sourceTree = "<group>"; };
		5DD1F8782B2018EF00823818 /* PostApi.swift */ = {isa = PBXFileReference; lastKnownFileType = sourcecode.swift; path = PostApi.swift; sourceTree = "<group>"; };
		5DD1F87A2B20466B00823818 /* HomeViewController.swift */ = {isa = PBXFileReference; lastKnownFileType = sourcecode.swift; path = HomeViewController.swift; sourceTree = "<group>"; };
		5DD1F87C2B2046A900823818 /* HomeCollectionViewCell.swift */ = {isa = PBXFileReference; lastKnownFileType = sourcecode.swift; path = HomeCollectionViewCell.swift; sourceTree = "<group>"; };
		65255DD348802709C3415554 /* Pods_SportyStories.framework */ = {isa = PBXFileReference; explicitFileType = wrapper.framework; includeInIndex = 0; path = Pods_SportyStories.framework; sourceTree = BUILT_PRODUCTS_DIR; };
		E9B50E54A69A0926F457A82C /* Pods-SportyStories.release.xcconfig */ = {isa = PBXFileReference; includeInIndex = 1; lastKnownFileType = text.xcconfig; name = "Pods-SportyStories.release.xcconfig"; path = "Target Support Files/Pods-SportyStories/Pods-SportyStories.release.xcconfig"; sourceTree = "<group>"; };
/* End PBXFileReference section */

/* Begin PBXFrameworksBuildPhase section */
		5D7062622A988CEE00C48CBE /* Frameworks */ = {
			isa = PBXFrameworksBuildPhase;
			buildActionMask = 2147483647;
			files = (
				595D54122C43EF21A101C600 /* Pods_SportyStories.framework in Frameworks */,
			);
			runOnlyForDeploymentPostprocessing = 0;
		};
/* End PBXFrameworksBuildPhase section */

/* Begin PBXGroup section */
		422F8050071E1009C58520ED /* Frameworks */ = {
			isa = PBXGroup;
			children = (
				65255DD348802709C3415554 /* Pods_SportyStories.framework */,
			);
			name = Frameworks;
			sourceTree = "<group>";
		};
		5D70625C2A988CEE00C48CBE = {
			isa = PBXGroup;
			children = (
				5D7062672A988CEE00C48CBE /* SportyStories */,
				5D7062662A988CEE00C48CBE /* Products */,
				DB4B815299335E86036F2054 /* Pods */,
				422F8050071E1009C58520ED /* Frameworks */,
			);
			sourceTree = "<group>";
		};
		5D7062662A988CEE00C48CBE /* Products */ = {
			isa = PBXGroup;
			children = (
				5D7062652A988CEE00C48CBE /* SportyStories.app */,
			);
			name = Products;
			sourceTree = "<group>";
		};
		5D7062672A988CEE00C48CBE /* SportyStories */ = {
			isa = PBXGroup;
			children = (
				5D7062682A988CEE00C48CBE /* AppDelegate.swift */,
				5D70626A2A988CEE00C48CBE /* SceneDelegate.swift */,
				5D70626C2A988CEE00C48CBE /* ViewController.swift */,
				5D7793692A9DBDD800C1C191 /* SignUpViewController.swift */,
				5D5B3FED2ADE58A400382466 /* SignInViewController.swift */,
				5D5590612AF1DC0100453D66 /* ProfileViewController.swift */,
				5D5590632AF1E59200453D66 /* CreatePostViewController.swift */,
				5D6C11162B159E0B00A820C0 /* SegmentedProgressView.swift */,
				5DCD4D1B2B1AF93600FBE782 /* PreviewCapturedViewController.swift */,
				5DB9E90A2B1DBFE200FBB3DE /* SharePostViewController.swift */,
				5DB9E9082B1DA00100FBB3DE /* VideoCompositionWriter.swift */,
				5DAE5B1B2B0F0914004B2879 /* VideoClips.swift */,
				5DD1F87A2B20466B00823818 /* HomeViewController.swift */,
				5DD1F87C2B2046A900823818 /* HomeCollectionViewCell.swift */,
				5DBB789E2ADF9CA800B7E4C6 /* Api.swift */,
				5DD1F8782B2018EF00823818 /* PostApi.swift */,
				5DBB78A02ADF9CE100B7E4C6 /* UserApi.swift */,
				5DBB78A22ADFA18000B7E4C6 /* StorageService.swift */,
				5DBB78A42ADFA66700B7E4C6 /* Ref.swift */,
				5D70626E2A988CEE00C48CBE /* Main.storyboard */,
				5D7062712A988CF000C48CBE /* Assets.xcassets */,
				5D7062732A988CF000C48CBE /* LaunchScreen.storyboard */,
				5D7062762A988CF000C48CBE /* Info.plist */,
				5D5B3FEF2ADE60A400382466 /* GoogleService-Info.plist */,
			);
			path = SportyStories;
			sourceTree = "<group>";
		};
		DB4B815299335E86036F2054 /* Pods */ = {
			isa = PBXGroup;
			children = (
				15E7C18329CB1CD6FA405BA2 /* Pods-SportyStories.debug.xcconfig */,
				E9B50E54A69A0926F457A82C /* Pods-SportyStories.release.xcconfig */,
			);
			path = Pods;
			sourceTree = "<group>";
		};
/* End PBXGroup section */

/* Begin PBXNativeTarget section */
		5D7062642A988CEE00C48CBE /* SportyStories */ = {
			isa = PBXNativeTarget;
			buildConfigurationList = 5D7062792A988CF000C48CBE /* Build configuration list for PBXNativeTarget "SportyStories" */;
			buildPhases = (
				1DCF96A43B6CB5657CB6FB83 /* [CP] Check Pods Manifest.lock */,
				5D7062612A988CEE00C48CBE /* Sources */,
				5D7062622A988CEE00C48CBE /* Frameworks */,
				5D7062632A988CEE00C48CBE /* Resources */,
				84754DB3CA975FEAD784E247 /* [CP] Embed Pods Frameworks */,
			);
			buildRules = (
			);
			dependencies = (
			);
			name = SportyStories;
			productName = SportyStories;
			productReference = 5D7062652A988CEE00C48CBE /* SportyStories.app */;
			productType = "com.apple.product-type.application";
		};
/* End PBXNativeTarget section */

/* Begin PBXProject section */
		5D70625D2A988CEE00C48CBE /* Project object */ = {
			isa = PBXProject;
			attributes = {
				BuildIndependentTargetsInParallel = 1;
				LastSwiftUpdateCheck = 1430;
				LastUpgradeCheck = 1430;
				TargetAttributes = {
					5D7062642A988CEE00C48CBE = {
						CreatedOnToolsVersion = 14.3.1;
					};
				};
			};
			buildConfigurationList = 5D7062602A988CEE00C48CBE /* Build configuration list for PBXProject "SportyStories" */;
			compatibilityVersion = "Xcode 13.0";
			developmentRegion = en;
			hasScannedForEncodings = 0;
			knownRegions = (
				en,
				Base,
			);
			mainGroup = 5D70625C2A988CEE00C48CBE;
			productRefGroup = 5D7062662A988CEE00C48CBE /* Products */;
			projectDirPath = "";
			projectRoot = "";
			targets = (
				5D7062642A988CEE00C48CBE /* SportyStories */,
			);
		};
/* End PBXProject section */

/* Begin PBXResourcesBuildPhase section */
		5D7062632A988CEE00C48CBE /* Resources */ = {
			isa = PBXResourcesBuildPhase;
			buildActionMask = 2147483647;
			files = (
				5D7062752A988CF000C48CBE /* LaunchScreen.storyboard in Resources */,
				5D5B3FF02ADE60A500382466 /* GoogleService-Info.plist in Resources */,
				5D7062722A988CF000C48CBE /* Assets.xcassets in Resources */,
				5D7062702A988CEE00C48CBE /* Main.storyboard in Resources */,
			);
			runOnlyForDeploymentPostprocessing = 0;
		};
/* End PBXResourcesBuildPhase section */

/* Begin PBXShellScriptBuildPhase section */
		1DCF96A43B6CB5657CB6FB83 /* [CP] Check Pods Manifest.lock */ = {
			isa = PBXShellScriptBuildPhase;
			buildActionMask = 2147483647;
			files = (
			);
			inputFileListPaths = (
			);
			inputPaths = (
				"${PODS_PODFILE_DIR_PATH}/Podfile.lock",
				"${PODS_ROOT}/Manifest.lock",
			);
			name = "[CP] Check Pods Manifest.lock";
			outputFileListPaths = (
			);
			outputPaths = (
				"$(DERIVED_FILE_DIR)/Pods-SportyStories-checkManifestLockResult.txt",
			);
			runOnlyForDeploymentPostprocessing = 0;
			shellPath = /bin/sh;
			shellScript = "diff \"${PODS_PODFILE_DIR_PATH}/Podfile.lock\" \"${PODS_ROOT}/Manifest.lock\" > /dev/null\nif [ $? != 0 ] ; then\n    # print error to STDERR\n    echo \"error: The sandbox is not in sync with the Podfile.lock. Run 'pod install' or update your CocoaPods installation.\" >&2\n    exit 1\nfi\n# This output is used by Xcode 'outputs' to avoid re-running this script phase.\necho \"SUCCESS\" > \"${SCRIPT_OUTPUT_FILE_0}\"\n";
			showEnvVarsInLog = 0;
		};
		84754DB3CA975FEAD784E247 /* [CP] Embed Pods Frameworks */ = {
			isa = PBXShellScriptBuildPhase;
			buildActionMask = 2147483647;
			files = (
			);
			inputFileListPaths = (
				"${PODS_ROOT}/Target Support Files/Pods-SportyStories/Pods-SportyStories-frameworks-${CONFIGURATION}-input-files.xcfilelist",
			);
			name = "[CP] Embed Pods Frameworks";
			outputFileListPaths = (
				"${PODS_ROOT}/Target Support Files/Pods-SportyStories/Pods-SportyStories-frameworks-${CONFIGURATION}-output-files.xcfilelist",
			);
			runOnlyForDeploymentPostprocessing = 0;
			shellPath = /bin/sh;
			shellScript = "\"${PODS_ROOT}/Target Support Files/Pods-SportyStories/Pods-SportyStories-frameworks.sh\"\n";
			showEnvVarsInLog = 0;
		};
/* End PBXShellScriptBuildPhase section */

/* Begin PBXSourcesBuildPhase section */
		5D7062612A988CEE00C48CBE /* Sources */ = {
			isa = PBXSourcesBuildPhase;
			buildActionMask = 2147483647;
			files = (
				5DB9E90B2B1DBFE300FBB3DE /* SharePostViewController.swift in Sources */,
				5DBB789F2ADF9CA900B7E4C6 /* Api.swift in Sources */,
				5DAE5B1C2B0F0914004B2879 /* VideoClips.swift in Sources */,
				5DD1F87D2B2046A900823818 /* HomeCollectionViewCell.swift in Sources */,
				5D70626D2A988CEE00C48CBE /* ViewController.swift in Sources */,
				5D5590622AF1DC0100453D66 /* ProfileViewController.swift in Sources */,
				5DD1F87B2B20466B00823818 /* HomeViewController.swift in Sources */,
				5D7062692A988CEE00C48CBE /* AppDelegate.swift in Sources */,
				5DCD4D1C2B1AF93600FBE782 /* PreviewCapturedViewController.swift in Sources */,
				5D77936A2A9DBDD900C1C191 /* SignUpViewController.swift in Sources */,
				5D5B3FEE2ADE58A400382466 /* SignInViewController.swift in Sources */,
				5DBB78A32ADFA18000B7E4C6 /* StorageService.swift in Sources */,
				5D5590642AF1E59200453D66 /* CreatePostViewController.swift in Sources */,
				5DB9E9092B1DA00100FBB3DE /* VideoCompositionWriter.swift in Sources */,
				5D6C11172B159E0B00A820C0 /* SegmentedProgressView.swift in Sources */,
				5DBB78A12ADF9CE100B7E4C6 /* UserApi.swift in Sources */,
				5D70626B2A988CEE00C48CBE /* SceneDelegate.swift in Sources */,
				5DBB78A52ADFA66700B7E4C6 /* Ref.swift in Sources */,
				5DD1F8792B2018EF00823818 /* PostApi.swift in Sources */,
			);
			runOnlyForDeploymentPostprocessing = 0;
		};
/* End PBXSourcesBuildPhase section */

/* Begin PBXVariantGroup section */
		5D70626E2A988CEE00C48CBE /* Main.storyboard */ = {
			isa = PBXVariantGroup;
			children = (
				5D70626F2A988CEE00C48CBE /* Base */,
			);
			name = Main.storyboard;
			sourceTree = "<group>";
		};
		5D7062732A988CF000C48CBE /* LaunchScreen.storyboard */ = {
			isa = PBXVariantGroup;
			children = (
				5D7062742A988CF000C48CBE /* Base */,
			);
			name = LaunchScreen.storyboard;
			sourceTree = "<group>";
		};
/* End PBXVariantGroup section */

/* Begin XCBuildConfiguration section */
		5D7062772A988CF000C48CBE /* Debug */ = {
			isa = XCBuildConfiguration;
			buildSettings = {
				ALWAYS_SEARCH_USER_PATHS = NO;
				CLANG_ANALYZER_NONNULL = YES;
				CLANG_ANALYZER_NUMBER_OBJECT_CONVERSION = YES_AGGRESSIVE;
				CLANG_CXX_LANGUAGE_STANDARD = "gnu++20";
				CLANG_ENABLE_MODULES = YES;
				CLANG_ENABLE_OBJC_ARC = YES;
				CLANG_ENABLE_OBJC_WEAK = YES;
				CLANG_WARN_BLOCK_CAPTURE_AUTORELEASING = YES;
				CLANG_WARN_BOOL_CONVERSION = YES;
				CLANG_WARN_COMMA = YES;
				CLANG_WARN_CONSTANT_CONVERSION = YES;
				CLANG_WARN_DEPRECATED_OBJC_IMPLEMENTATIONS = YES;
				CLANG_WARN_DIRECT_OBJC_ISA_USAGE = YES_ERROR;
				CLANG_WARN_DOCUMENTATION_COMMENTS = YES;
				CLANG_WARN_EMPTY_BODY = YES;
				CLANG_WARN_ENUM_CONVERSION = YES;
				CLANG_WARN_INFINITE_RECURSION = YES;
				CLANG_WARN_INT_CONVERSION = YES;
				CLANG_WARN_NON_LITERAL_NULL_CONVERSION = YES;
				CLANG_WARN_OBJC_IMPLICIT_RETAIN_SELF = YES;
				CLANG_WARN_OBJC_LITERAL_CONVERSION = YES;
				CLANG_WARN_OBJC_ROOT_CLASS = YES_ERROR;
				CLANG_WARN_QUOTED_INCLUDE_IN_FRAMEWORK_HEADER = YES;
				CLANG_WARN_RANGE_LOOP_ANALYSIS = YES;
				CLANG_WARN_STRICT_PROTOTYPES = YES;
				CLANG_WARN_SUSPICIOUS_MOVE = YES;
				CLANG_WARN_UNGUARDED_AVAILABILITY = YES_AGGRESSIVE;
				CLANG_WARN_UNREACHABLE_CODE = YES;
				CLANG_WARN__DUPLICATE_METHOD_MATCH = YES;
				COPY_PHASE_STRIP = NO;
				DEBUG_INFORMATION_FORMAT = dwarf;
				ENABLE_STRICT_OBJC_MSGSEND = YES;
				ENABLE_TESTABILITY = YES;
				GCC_C_LANGUAGE_STANDARD = gnu11;
				GCC_DYNAMIC_NO_PIC = NO;
				GCC_NO_COMMON_BLOCKS = YES;
				GCC_OPTIMIZATION_LEVEL = 0;
				GCC_PREPROCESSOR_DEFINITIONS = (
					"DEBUG=1",
					"$(inherited)",
				);
				GCC_WARN_64_TO_32_BIT_CONVERSION = YES;
				GCC_WARN_ABOUT_RETURN_TYPE = YES_ERROR;
				GCC_WARN_UNDECLARED_SELECTOR = YES;
				GCC_WARN_UNINITIALIZED_AUTOS = YES_AGGRESSIVE;
				GCC_WARN_UNUSED_FUNCTION = YES;
				GCC_WARN_UNUSED_VARIABLE = YES;
				IPHONEOS_DEPLOYMENT_TARGET = 16.4;
				MTL_ENABLE_DEBUG_INFO = INCLUDE_SOURCE;
				MTL_FAST_MATH = YES;
				ONLY_ACTIVE_ARCH = YES;
				SDKROOT = iphoneos;
				SWIFT_ACTIVE_COMPILATION_CONDITIONS = DEBUG;
				SWIFT_OPTIMIZATION_LEVEL = "-Onone";
			};
			name = Debug;
		};
		5D7062782A988CF000C48CBE /* Release */ = {
			isa = XCBuildConfiguration;
			buildSettings = {
				ALWAYS_SEARCH_USER_PATHS = NO;
				CLANG_ANALYZER_NONNULL = YES;
				CLANG_ANALYZER_NUMBER_OBJECT_CONVERSION = YES_AGGRESSIVE;
				CLANG_CXX_LANGUAGE_STANDARD = "gnu++20";
				CLANG_ENABLE_MODULES = YES;
				CLANG_ENABLE_OBJC_ARC = YES;
				CLANG_ENABLE_OBJC_WEAK = YES;
				CLANG_WARN_BLOCK_CAPTURE_AUTORELEASING = YES;
				CLANG_WARN_BOOL_CONVERSION = YES;
				CLANG_WARN_COMMA = YES;
				CLANG_WARN_CONSTANT_CONVERSION = YES;
				CLANG_WARN_DEPRECATED_OBJC_IMPLEMENTATIONS = YES;
				CLANG_WARN_DIRECT_OBJC_ISA_USAGE = YES_ERROR;
				CLANG_WARN_DOCUMENTATION_COMMENTS = YES;
				CLANG_WARN_EMPTY_BODY = YES;
				CLANG_WARN_ENUM_CONVERSION = YES;
				CLANG_WARN_INFINITE_RECURSION = YES;
				CLANG_WARN_INT_CONVERSION = YES;
				CLANG_WARN_NON_LITERAL_NULL_CONVERSION = YES;
				CLANG_WARN_OBJC_IMPLICIT_RETAIN_SELF = YES;
				CLANG_WARN_OBJC_LITERAL_CONVERSION = YES;
				CLANG_WARN_OBJC_ROOT_CLASS = YES_ERROR;
				CLANG_WARN_QUOTED_INCLUDE_IN_FRAMEWORK_HEADER = YES;
				CLANG_WARN_RANGE_LOOP_ANALYSIS = YES;
				CLANG_WARN_STRICT_PROTOTYPES = YES;
				CLANG_WARN_SUSPICIOUS_MOVE = YES;
				CLANG_WARN_UNGUARDED_AVAILABILITY = YES_AGGRESSIVE;
				CLANG_WARN_UNREACHABLE_CODE = YES;
				CLANG_WARN__DUPLICATE_METHOD_MATCH = YES;
				COPY_PHASE_STRIP = NO;
				DEBUG_INFORMATION_FORMAT = "dwarf-with-dsym";
				ENABLE_NS_ASSERTIONS = NO;
				ENABLE_STRICT_OBJC_MSGSEND = YES;
				GCC_C_LANGUAGE_STANDARD = gnu11;
				GCC_NO_COMMON_BLOCKS = YES;
				GCC_WARN_64_TO_32_BIT_CONVERSION = YES;
				GCC_WARN_ABOUT_RETURN_TYPE = YES_ERROR;
				GCC_WARN_UNDECLARED_SELECTOR = YES;
				GCC_WARN_UNINITIALIZED_AUTOS = YES_AGGRESSIVE;
				GCC_WARN_UNUSED_FUNCTION = YES;
				GCC_WARN_UNUSED_VARIABLE = YES;
				IPHONEOS_DEPLOYMENT_TARGET = 16.4;
				MTL_ENABLE_DEBUG_INFO = NO;
				MTL_FAST_MATH = YES;
				SDKROOT = iphoneos;
				SWIFT_COMPILATION_MODE = wholemodule;
				SWIFT_OPTIMIZATION_LEVEL = "-O";
				VALIDATE_PRODUCT = YES;
			};
			name = Release;
		};
		5D70627A2A988CF000C48CBE /* Debug */ = {
			isa = XCBuildConfiguration;
			baseConfigurationReference = 15E7C18329CB1CD6FA405BA2 /* Pods-SportyStories.debug.xcconfig */;
			buildSettings = {
				ASSETCATALOG_COMPILER_APPICON_NAME = AppIcon;
				ASSETCATALOG_COMPILER_GLOBAL_ACCENT_COLOR_NAME = AccentColor;
				CODE_SIGN_STYLE = Automatic;
				CURRENT_PROJECT_VERSION = 1;
				DEVELOPMENT_TEAM = KALX6ALL5S;
				GENERATE_INFOPLIST_FILE = YES;
				INFOPLIST_FILE = SportyStories/Info.plist;
				INFOPLIST_KEY_UIApplicationSupportsIndirectInputEvents = YES;
				INFOPLIST_KEY_UILaunchStoryboardName = LaunchScreen;
				INFOPLIST_KEY_UIMainStoryboardFile = Main;
				INFOPLIST_KEY_UISupportedInterfaceOrientations_iPad = "UIInterfaceOrientationPortrait UIInterfaceOrientationPortraitUpsideDown UIInterfaceOrientationLandscapeLeft UIInterfaceOrientationLandscapeRight";
				INFOPLIST_KEY_UISupportedInterfaceOrientations_iPhone = "UIInterfaceOrientationPortrait UIInterfaceOrientationLandscapeLeft UIInterfaceOrientationLandscapeRight";
				LD_RUNPATH_SEARCH_PATHS = (
					"$(inherited)",
					"@executable_path/Frameworks",
				);
				MARKETING_VERSION = 1.0;
				PRODUCT_BUNDLE_IDENTIFIER = com.joseramirez.SportyStories;
				PRODUCT_NAME = "$(TARGET_NAME)";
				SWIFT_EMIT_LOC_STRINGS = YES;
				SWIFT_VERSION = 5.0;
				TARGETED_DEVICE_FAMILY = "1,2";
			};
			name = Debug;
		};
		5D70627B2A988CF000C48CBE /* Release */ = {
			isa = XCBuildConfiguration;
			baseConfigurationReference = E9B50E54A69A0926F457A82C /* Pods-SportyStories.release.xcconfig */;
			buildSettings = {
				ASSETCATALOG_COMPILER_APPICON_NAME = AppIcon;
				ASSETCATALOG_COMPILER_GLOBAL_ACCENT_COLOR_NAME = AccentColor;
				CODE_SIGN_STYLE = Automatic;
				CURRENT_PROJECT_VERSION = 1;
				DEVELOPMENT_TEAM = KALX6ALL5S;
				GENERATE_INFOPLIST_FILE = YES;
				INFOPLIST_FILE = SportyStories/Info.plist;
				INFOPLIST_KEY_UIApplicationSupportsIndirectInputEvents = YES;
				INFOPLIST_KEY_UILaunchStoryboardName = LaunchScreen;
				INFOPLIST_KEY_UIMainStoryboardFile = Main;
				INFOPLIST_KEY_UISupportedInterfaceOrientations_iPad = "UIInterfaceOrientationPortrait UIInterfaceOrientationPortraitUpsideDown UIInterfaceOrientationLandscapeLeft UIInterfaceOrientationLandscapeRight";
				INFOPLIST_KEY_UISupportedInterfaceOrientations_iPhone = "UIInterfaceOrientationPortrait UIInterfaceOrientationLandscapeLeft UIInterfaceOrientationLandscapeRight";
				LD_RUNPATH_SEARCH_PATHS = (
					"$(inherited)",
					"@executable_path/Frameworks",
				);
				MARKETING_VERSION = 1.0;
				PRODUCT_BUNDLE_IDENTIFIER = com.joseramirez.SportyStories;
				PRODUCT_NAME = "$(TARGET_NAME)";
				SWIFT_EMIT_LOC_STRINGS = YES;
				SWIFT_VERSION = 5.0;
				TARGETED_DEVICE_FAMILY = "1,2";
			};
			name = Release;
		};
/* End XCBuildConfiguration section */

/* Begin XCConfigurationList section */
		5D7062602A988CEE00C48CBE /* Build configuration list for PBXProject "SportyStories" */ = {
			isa = XCConfigurationList;
			buildConfigurations = (
				5D7062772A988CF000C48CBE /* Debug */,
				5D7062782A988CF000C48CBE /* Release */,
			);
			defaultConfigurationIsVisible = 0;
			defaultConfigurationName = Release;
		};
		5D7062792A988CF000C48CBE /* Build configuration list for PBXNativeTarget "SportyStories" */ = {
			isa = XCConfigurationList;
			buildConfigurations = (
				5D70627A2A988CF000C48CBE /* Debug */,
				5D70627B2A988CF000C48CBE /* Release */,
			);
			defaultConfigurationIsVisible = 0;
			defaultConfigurationName = Release;
		};
/* End XCConfigurationList section */
	};
	rootObject = 5D70625D2A988CEE00C48CBE /* Project object */;
}
